
Microsoft Visual Studio Solution File, Format Version 12.00
# Visual Studio Version 16
VisualStudioVersion = 16.0.29806.167
MinimumVisualStudioVersion = 10.0.40219.1
Project("{FAE04EC0-301F-11D3-BF4B-00C04F79EFBC}") = "MvcWebApi", "MvcWebApi\MvcWebApi.csproj", "{B49D8725-53A2-491C-BD67-E7325EB37156}"
EndProject
Project("{2150E333-8FDC-42A3-9474-1A3956D46DE8}") = "1-Presentation", "1-Presentation", "{B7EA19F8-5831-450B-9AEE-4FF2172D94D8}"
EndProject
Project("{2150E333-8FDC-42A3-9474-1A3956D46DE8}") = "2-BusinessLogic", "2-BusinessLogic", "{4C92E1DC-9441-476A-9A61-44D85F00371B}"
EndProject
Project("{FAE04EC0-301F-11D3-BF4B-00C04F79EFBC}") = "BusinessLogic", "BusinessLogic\BusinessLogic.csproj", "{3C6D19F9-BD53-4360-86A2-AA422E579560}"
EndProject
Project("{FAE04EC0-301F-11D3-BF4B-00C04F79EFBC}") = "BusinessLogic.Abstractions", "BusinessLogic.Abstractions\BusinessLogic.Abstractions.csproj", "{B7F44DED-BAE0-486B-A97F-0765ABA31DAC}"
EndProject
Project("{2150E333-8FDC-42A3-9474-1A3956D46DE8}") = "2-DependencyResolver", "2-DependencyResolver", "{4B6C9D5E-D755-4880-B266-82BCEA1EAFA0}"
EndProject
Project("{2150E333-8FDC-42A3-9474-1A3956D46DE8}") = "3-ViewModel", "3-ViewModel", "{D3DDAE25-033F-487D-A348-0B441E747118}"
EndProject
Project("{2150E333-8FDC-42A3-9474-1A3956D46DE8}") = "4-Cross", "4-Cross", "{46C3466B-844D-45E4-8C33-C5EB276D92B2}"
EndProject
Project("{2150E333-8FDC-42A3-9474-1A3956D46DE8}") = "5-Data", "5-Data", "{D0536EDD-3DA0-455E-88F2-A486A5FA3075}"
EndProject
Project("{FAE04EC0-301F-11D3-BF4B-00C04F79EFBC}") = "DependencyInjection", "DependencyInjection\DependencyInjection.csproj", "{303283B2-1F02-42CE-BCD3-58FE331E66C3}"
EndProject
Project("{FAE04EC0-301F-11D3-BF4B-00C04F79EFBC}") = "ViewModels", "ViewModels\ViewModels.csproj", "{989CC849-A2EB-422F-9703-B138D94E0434}"
EndProject
Project("{FAE04EC0-301F-11D3-BF4B-00C04F79EFBC}") = "Cross", "Cross\Cross.csproj", "{0763CAC1-0574-4403-A8DC-79DF92957D32}"
EndProject
Project("{FAE04EC0-301F-11D3-BF4B-00C04F79EFBC}") = "Cross.Abstractions", "Cross.Abstractions\Cross.Abstractions.csproj", "{4FD7C328-C86E-4C70-95B9-A1D74F60A545}"
EndProject
Project("{FAE04EC0-301F-11D3-BF4B-00C04F79EFBC}") = "Data.Model", "Data.Model\Data.Model.csproj", "{4BE3D3BC-0D90-4D49-A7F1-29CC31450B26}"
EndProject
Project("{FAE04EC0-301F-11D3-BF4B-00C04F79EFBC}") = "Data.DataAccess", "Data.DataAccess\Data.DataAccess.csproj", "{DA5951A2-0318-4035-883A-FA246B9153C8}"
EndProject
Project("{FAE04EC0-301F-11D3-BF4B-00C04F79EFBC}") = "Data.Abstractions", "Data.Abstractions\Data.Abstractions.csproj", "{F9910C2F-F8A2-4BD5-933C-D096252C9E61}"
EndProject
Global
	GlobalSection(SolutionConfigurationPlatforms) = preSolution
		Debug|Any CPU = Debug|Any CPU
		Release|Any CPU = Release|Any CPU
	EndGlobalSection
	GlobalSection(ProjectConfigurationPlatforms) = postSolution
		{B49D8725-53A2-491C-BD67-E7325EB37156}.Debug|Any CPU.ActiveCfg = Debug|Any CPU
		{B49D8725-53A2-491C-BD67-E7325EB37156}.Debug|Any CPU.Build.0 = Debug|Any CPU
		{B49D8725-53A2-491C-BD67-E7325EB37156}.Release|Any CPU.ActiveCfg = Release|Any CPU
		{B49D8725-53A2-491C-BD67-E7325EB37156}.Release|Any CPU.Build.0 = Release|Any CPU
		{3C6D19F9-BD53-4360-86A2-AA422E579560}.Debug|Any CPU.ActiveCfg = Debug|Any CPU
		{3C6D19F9-BD53-4360-86A2-AA422E579560}.Debug|Any CPU.Build.0 = Debug|Any CPU
		{3C6D19F9-BD53-4360-86A2-AA422E579560}.Release|Any CPU.ActiveCfg = Release|Any CPU
		{3C6D19F9-BD53-4360-86A2-AA422E579560}.Release|Any CPU.Build.0 = Release|Any CPU
		{B7F44DED-BAE0-486B-A97F-0765ABA31DAC}.Debug|Any CPU.ActiveCfg = Debug|Any CPU
		{B7F44DED-BAE0-486B-A97F-0765ABA31DAC}.Debug|Any CPU.Build.0 = Debug|Any CPU
		{B7F44DED-BAE0-486B-A97F-0765ABA31DAC}.Release|Any CPU.ActiveCfg = Release|Any CPU
		{B7F44DED-BAE0-486B-A97F-0765ABA31DAC}.Release|Any CPU.Build.0 = Release|Any CPU
		{303283B2-1F02-42CE-BCD3-58FE331E66C3}.Debug|Any CPU.ActiveCfg = Debug|Any CPU
		{303283B2-1F02-42CE-BCD3-58FE331E66C3}.Debug|Any CPU.Build.0 = Debug|Any CPU
		{303283B2-1F02-42CE-BCD3-58FE331E66C3}.Release|Any CPU.ActiveCfg = Release|Any CPU
		{303283B2-1F02-42CE-BCD3-58FE331E66C3}.Release|Any CPU.Build.0 = Release|Any CPU
		{989CC849-A2EB-422F-9703-B138D94E0434}.Debug|Any CPU.ActiveCfg = Debug|Any CPU
		{989CC849-A2EB-422F-9703-B138D94E0434}.Debug|Any CPU.Build.0 = Debug|Any CPU
		{989CC849-A2EB-422F-9703-B138D94E0434}.Release|Any CPU.ActiveCfg = Release|Any CPU
		{989CC849-A2EB-422F-9703-B138D94E0434}.Release|Any CPU.Build.0 = Release|Any CPU
		{0763CAC1-0574-4403-A8DC-79DF92957D32}.Debug|Any CPU.ActiveCfg = Debug|Any CPU
		{0763CAC1-0574-4403-A8DC-79DF92957D32}.Debug|Any CPU.Build.0 = Debug|Any CPU
		{0763CAC1-0574-4403-A8DC-79DF92957D32}.Release|Any CPU.ActiveCfg = Release|Any CPU
		{0763CAC1-0574-4403-A8DC-79DF92957D32}.Release|Any CPU.Build.0 = Release|Any CPU
		{4FD7C328-C86E-4C70-95B9-A1D74F60A545}.Debug|Any CPU.ActiveCfg = Debug|Any CPU
		{4FD7C328-C86E-4C70-95B9-A1D74F60A545}.Debug|Any CPU.Build.0 = Debug|Any CPU
		{4FD7C328-C86E-4C70-95B9-A1D74F60A545}.Release|Any CPU.ActiveCfg = Release|Any CPU
		{4FD7C328-C86E-4C70-95B9-A1D74F60A545}.Release|Any CPU.Build.0 = Release|Any CPU
		{4BE3D3BC-0D90-4D49-A7F1-29CC31450B26}.Debug|Any CPU.ActiveCfg = Debug|Any CPU
		{4BE3D3BC-0D90-4D49-A7F1-29CC31450B26}.Debug|Any CPU.Build.0 = Debug|Any CPU
		{4BE3D3BC-0D90-4D49-A7F1-29CC31450B26}.Release|Any CPU.ActiveCfg = Release|Any CPU
		{4BE3D3BC-0D90-4D49-A7F1-29CC31450B26}.Release|Any CPU.Build.0 = Release|Any CPU
		{DA5951A2-0318-4035-883A-FA246B9153C8}.Debug|Any CPU.ActiveCfg = Debug|Any CPU
		{DA5951A2-0318-4035-883A-FA246B9153C8}.Debug|Any CPU.Build.0 = Debug|Any CPU
		{DA5951A2-0318-4035-883A-FA246B9153C8}.Release|Any CPU.ActiveCfg = Release|Any CPU
		{DA5951A2-0318-4035-883A-FA246B9153C8}.Release|Any CPU.Build.0 = Release|Any CPU
		{F9910C2F-F8A2-4BD5-933C-D096252C9E61}.Debug|Any CPU.ActiveCfg = Debug|Any CPU
		{F9910C2F-F8A2-4BD5-933C-D096252C9E61}.Debug|Any CPU.Build.0 = Debug|Any CPU
		{F9910C2F-F8A2-4BD5-933C-D096252C9E61}.Release|Any CPU.ActiveCfg = Release|Any CPU
		{F9910C2F-F8A2-4BD5-933C-D096252C9E61}.Release|Any CPU.Build.0 = Release|Any CPU
	EndGlobalSection
	GlobalSection(SolutionProperties) = preSolution
		HideSolutionNode = FALSE
	EndGlobalSection
	GlobalSection(NestedProjects) = preSolution
		{B49D8725-53A2-491C-BD67-E7325EB37156} = {B7EA19F8-5831-450B-9AEE-4FF2172D94D8}
		{3C6D19F9-BD53-4360-86A2-AA422E579560} = {4C92E1DC-9441-476A-9A61-44D85F00371B}
		{B7F44DED-BAE0-486B-A97F-0765ABA31DAC} = {4C92E1DC-9441-476A-9A61-44D85F00371B}
		{303283B2-1F02-42CE-BCD3-58FE331E66C3} = {4B6C9D5E-D755-4880-B266-82BCEA1EAFA0}
		{989CC849-A2EB-422F-9703-B138D94E0434} = {D3DDAE25-033F-487D-A348-0B441E747118}
		{0763CAC1-0574-4403-A8DC-79DF92957D32} = {46C3466B-844D-45E4-8C33-C5EB276D92B2}
		{4FD7C328-C86E-4C70-95B9-A1D74F60A545} = {46C3466B-844D-45E4-8C33-C5EB276D92B2}
		{4BE3D3BC-0D90-4D49-A7F1-29CC31450B26} = {D0536EDD-3DA0-455E-88F2-A486A5FA3075}
		{DA5951A2-0318-4035-883A-FA246B9153C8} = {D0536EDD-3DA0-455E-88F2-A486A5FA3075}
		{F9910C2F-F8A2-4BD5-933C-D096252C9E61} = {D0536EDD-3DA0-455E-88F2-A486A5FA3075}
	EndGlobalSection
	GlobalSection(ExtensibilityGlobals) = postSolution
		SolutionGuid = {F057A7E5-994E-45C1-954B-1ACAF83AA032}
	EndGlobalSection
EndGlobal
